
Microsoft Visual Studio Solution File, Format Version 12.00
# Visual Studio Version 17
VisualStudioVersion = 17.3.32825.248
MinimumVisualStudioVersion = 10.0.40219.1
Project("{9A19103F-16F7-4668-BE54-9A1E7A4F7556}") = "Entities", "Entities\Entities.csproj", "{4C1B8E02-8498-42D3-9B05-81D3AEAB9058}"
EndProject
Project("{9A19103F-16F7-4668-BE54-9A1E7A4F7556}") = "DataAccess", "DataAccess\DataAccess.csproj", "{626D9C9F-E0B7-427F-9E4A-EBF66F40DAA4}"
EndProject
Project("{9A19103F-16F7-4668-BE54-9A1E7A4F7556}") = "Business", "Business\Business.csproj", "{94552EF5-1D91-4DC5-AEE0-E5665A76EB45}"
EndProject
Project("{9A19103F-16F7-4668-BE54-9A1E7A4F7556}") = "ConsoleUI", "ConsoleUI\ConsoleUI.csproj", "{4A2E296E-85C9-4014-8747-9C44C63F46CF}"
EndProject
Global
	GlobalSection(SolutionConfigurationPlatforms) = preSolution
		Debug|Any CPU = Debug|Any CPU
		Release|Any CPU = Release|Any CPU
	EndGlobalSection
	GlobalSection(ProjectConfigurationPlatforms) = postSolution
		{4C1B8E02-8498-42D3-9B05-81D3AEAB9058}.Debug|Any CPU.ActiveCfg = Debug|Any CPU
		{4C1B8E02-8498-42D3-9B05-81D3AEAB9058}.Debug|Any CPU.Build.0 = Debug|Any CPU
		{4C1B8E02-8498-42D3-9B05-81D3AEAB9058}.Release|Any CPU.ActiveCfg = Release|Any CPU
		{4C1B8E02-8498-42D3-9B05-81D3AEAB9058}.Release|Any CPU.Build.0 = Release|Any CPU
		{626D9C9F-E0B7-427F-9E4A-EBF66F40DAA4}.Debug|Any CPU.ActiveCfg = Debug|Any CPU
		{626D9C9F-E0B7-427F-9E4A-EBF66F40DAA4}.Debug|Any CPU.Build.0 = Debug|Any CPU
		{626D9C9F-E0B7-427F-9E4A-EBF66F40DAA4}.Release|Any CPU.ActiveCfg = Release|Any CPU
		{626D9C9F-E0B7-427F-9E4A-EBF66F40DAA4}.Release|Any CPU.Build.0 = Release|Any CPU
		{94552EF5-1D91-4DC5-AEE0-E5665A76EB45}.Debug|Any CPU.ActiveCfg = Debug|Any CPU
		{94552EF5-1D91-4DC5-AEE0-E5665A76EB45}.Debug|Any CPU.Build.0 = Debug|Any CPU
		{94552EF5-1D91-4DC5-AEE0-E5665A76EB45}.Release|Any CPU.ActiveCfg = Release|Any CPU
		{94552EF5-1D91-4DC5-AEE0-E5665A76EB45}.Release|Any CPU.Build.0 = Release|Any CPU
		{4A2E296E-85C9-4014-8747-9C44C63F46CF}.Debug|Any CPU.ActiveCfg = Debug|Any CPU
		{4A2E296E-85C9-4014-8747-9C44C63F46CF}.Debug|Any CPU.Build.0 = Debug|Any CPU
		{4A2E296E-85C9-4014-8747-9C44C63F46CF}.Release|Any CPU.ActiveCfg = Release|Any CPU
		{4A2E296E-85C9-4014-8747-9C44C63F46CF}.Release|Any CPU.Build.0 = Release|Any CPU
	EndGlobalSection
	GlobalSection(SolutionProperties) = preSolution
		HideSolutionNode = FALSE
	EndGlobalSection
	GlobalSection(ExtensibilityGlobals) = postSolution
		SolutionGuid = {DB059718-F475-49B9-8FD8-E5BB0B4AE264}
	EndGlobalSection
EndGlobal
